<?xml version="1.0" encoding="utf-8"?>
<Project ToolsVersion="4.0" xmlns="http://schemas.microsoft.com/developer/msbuild/2003">
  <ItemGroup>
    <Filter Include="Source Files">
      <UniqueIdentifier>{4FC737F1-C7A5-4376-A066-2A32D752A2FF}</UniqueIdentifier>
      <Extensions>cpp;c;cc;cxx;def;odl;idl;hpj;bat;asm;asmx</Extensions>
    </Filter>
    <Filter Include="Header Files">
      <UniqueIdentifier>{93995380-89BD-4b04-88EB-625FBE52EBFB}</UniqueIdentifier>
      <Extensions>h;hh;hpp;hxx;hm;inl;inc;ipp;xsd</Extensions>
    </Filter>
    <Filter Include="Resource Files">
      <UniqueIdentifier>{67DA6AB6-F800-4c08-8B7A-83BB121AAD01}</UniqueIdentifier>
      <Extensions>rc;ico;cur;bmp;dlg;rc2;rct;bin;rgs;gif;jpg;jpeg;jpe;resx;tiff;tif;png;wav;mfcribbon-ms</Extensions>
    </Filter>
    <Filter Include="Source Files\Engine">
      <UniqueIdentifier>{023c7fc1-2696-4fd0-889a-39a48ca2bbe3}</UniqueIdentifier>
    </Filter>
    <Filter Include="Source Files\Engine\Messages">
      <UniqueIdentifier>{b9c69b1b-ca11-41b6-810d-1ec4024d50ff}</UniqueIdentifier>
    </Filter>
    <Filter Include="Source Files\Engine\Systems">
      <UniqueIdentifier>{d93e3174-fb00-4929-aeb4-bd9b40f191e4}</UniqueIdentifier>
    </Filter>
    <Filter Include="Source Files\Engine\Precompiled">
      <UniqueIdentifier>{f6d804fe-c62e-4c56-9cde-d239e60f102f}</UniqueIdentifier>
    </Filter>
    <Filter Include="Source Files\Engine\Factory">
      <UniqueIdentifier>{25bc5a82-de8a-477f-8909-b348f8c24554}</UniqueIdentifier>
    </Filter>
    <Filter Include="Source Files\Engine\Factory\Component">
      <UniqueIdentifier>{b8d4068f-3dec-4f86-bfcf-7739adbe4bd5}</UniqueIdentifier>
    </Filter>
    <Filter Include="Source Files\Engine\Factory\Component\Transform">
      <UniqueIdentifier>{83ecb14f-e43f-463c-b9fb-c12752e45ea3}</UniqueIdentifier>
    </Filter>
    <Filter Include="Source Files\Engine\Systems\Debug">
      <UniqueIdentifier>{fbc8225f-d630-4dc0-8012-55891c4b337e}</UniqueIdentifier>
    </Filter>
    <Filter Include="Source Files\UnitTests">
      <UniqueIdentifier>{c4bcdaa6-6a54-4d43-9c94-66876515765b}</UniqueIdentifier>
    </Filter>
    <Filter Include="Source Files\Engine\Systems\Scenes">
      <UniqueIdentifier>{56913bb2-164f-4f1d-bf9e-8a611c52aab9}</UniqueIdentifier>
    </Filter>
    <Filter Include="Source Files\Engine\Factory\Component\Physics">
      <UniqueIdentifier>{086bfe94-d8af-411f-9a9b-2a0e3db73811}</UniqueIdentifier>
    </Filter>
    <Filter Include="Source Files\Engine\Factory\Component\Collider">
      <UniqueIdentifier>{74fea874-4ab7-4911-bb60-9e9b861e2516}</UniqueIdentifier>
    </Filter>
    <Filter Include="Source Files\Engine\Systems\Collision">
      <UniqueIdentifier>{257cb4b5-bbd8-41c2-9568-aa65a2118ae7}</UniqueIdentifier>
    </Filter>
  </ItemGroup>
  <ItemGroup>
    <ClCompile Include="src\Engine.cpp">
      <Filter>Source Files\Engine</Filter>
    </ClCompile>
    <ClCompile Include="src\Message.cpp">
      <Filter>Source Files\Engine\Messages</Filter>
    </ClCompile>
    <ClCompile Include="src\main.cpp">
      <Filter>Source Files\Engine</Filter>
    </ClCompile>
    <ClCompile Include="src\stdafx.cpp">
      <Filter>Source Files\Engine\Precompiled</Filter>
    </ClCompile>
    <ClCompile Include="src\Transform.cpp">
      <Filter>Source Files\Engine\Factory\Component\Transform</Filter>
    </ClCompile>
    <ClCompile Include="src\Debug.cpp">
      <Filter>Source Files\Engine\Systems\Debug</Filter>
    </ClCompile>
    <ClCompile Include="src\UnitTest_Transform.cpp">
      <Filter>Source Files\UnitTests</Filter>
    </ClCompile>
    <ClCompile Include="src\UnitTest.cpp">
      <Filter>Source Files\Engine\Systems\Debug</Filter>
    </ClCompile>
    <ClCompile Include="src\SceneManager.cpp">
      <Filter>Source Files\Engine\Systems\Scenes</Filter>
    </ClCompile>
    <ClCompile Include="src\SceneTable.cpp">
      <Filter>Source Files\Engine\Systems\Scenes</Filter>
    </ClCompile>
    <ClCompile Include="src\SceneTest.cpp">
      <Filter>Source Files\Engine\Systems\Scenes</Filter>
    </ClCompile>
    <ClCompile Include="src\PhysicsBody.cpp">
      <Filter>Source Files\Engine\Factory\Component\Physics</Filter>
    </ClCompile>
    <ClCompile Include="src\Collider.cpp">
      <Filter>Source Files\Engine\Factory\Component\Collider</Filter>
    </ClCompile>
    <ClCompile Include="src\CollisionDetection.cpp">
      <Filter>Source Files\Engine\Systems\Collision</Filter>
    </ClCompile>
  </ItemGroup>
  <ItemGroup>
    <ClInclude Include="src\Engine.h">
      <Filter>Source Files\Engine</Filter>
    </ClInclude>
    <ClInclude Include="src\ScopeTimer.h">
      <Filter>Source Files\Engine</Filter>
    </ClInclude>
    <ClInclude Include="src\Message.h">
      <Filter>Source Files\Engine\Messages</Filter>
    </ClInclude>
    <ClInclude Include="src\System.h">
      <Filter>Source Files\Engine\Systems</Filter>
    </ClInclude>
    <ClInclude Include="src\stdafx.h">
      <Filter>Source Files\Engine\Precompiled</Filter>
    </ClInclude>
    <ClInclude Include="src\Component.h">
      <Filter>Source Files\Engine\Factory\Component</Filter>
    </ClInclude>
    <ClInclude Include="src\Transform.h">
      <Filter>Source Files\Engine\Factory\Component\Transform</Filter>
    </ClInclude>
    <ClInclude Include="src\Debug.h">
      <Filter>Source Files\Engine\Systems\Debug</Filter>
    </ClInclude>
    <ClInclude Include="src\UnitTest.h">
      <Filter>Source Files\Engine\Systems\Debug</Filter>
    </ClInclude>
    <ClInclude Include="src\UnitTest_Transform.h">
      <Filter>Source Files\UnitTests</Filter>
    </ClInclude>
    <ClInclude Include="src\SceneManager.h">
      <Filter>Source Files\Engine\Systems\Scenes</Filter>
    </ClInclude>
    <ClInclude Include="src\SceneTable.h">
      <Filter>Source Files\Engine\Systems\Scenes</Filter>
    </ClInclude>
    <ClInclude Include="src\PhysicsBody.h">
      <Filter>Source Files\Engine\Factory\Component\Physics</Filter>
    </ClInclude>
    <ClInclude Include="src\Collider.h">
      <Filter>Source Files\Engine\Factory\Component\Collider</Filter>
    </ClInclude>
    <ClInclude Include="src\CollisionDetection.h">
      <Filter>Source Files\Engine\Systems\Collision</Filter>
    </ClInclude>
  </ItemGroup>
</Project>